
Microsoft Visual Studio Solution File, Format Version 12.00
# Visual Studio Version 17
VisualStudioVersion = 17.6.33723.286
MinimumVisualStudioVersion = 10.0.40219.1
Project("{FAE04EC0-301F-11D3-BF4B-00C04F79EFBC}") = "DoctorAppointment.API", "DoctorAppointment.API\DoctorAppointment.API.csproj", "{C17F00C4-7769-4201-B461-147522D0C662}"
EndProject
Global
	GlobalSection(SolutionConfigurationPlatforms) = preSolution
		Debug|Any CPU = Debug|Any CPU
		Release|Any CPU = Release|Any CPU
	EndGlobalSection
	GlobalSection(ProjectConfigurationPlatforms) = postSolution
		{C17F00C4-7769-4201-B461-147522D0C662}.Debug|Any CPU.ActiveCfg = Debug|Any CPU
		{C17F00C4-7769-4201-B461-147522D0C662}.Debug|Any CPU.Build.0 = Debug|Any CPU
		{C17F00C4-7769-4201-B461-147522D0C662}.Release|Any CPU.ActiveCfg = Release|Any CPU
		{C17F00C4-7769-4201-B461-147522D0C662}.Release|Any CPU.Build.0 = Release|Any CPU
	EndGlobalSection
	GlobalSection(SolutionProperties) = preSolution
		HideSolutionNode = FALSE
	EndGlobalSection
	GlobalSection(ExtensibilityGlobals) = postSolution
		SolutionGuid = {ECB702F0-123C-419E-961B-1218AFE76233}
	EndGlobalSection
EndGlobal
